
Microsoft Visual Studio Solution File, Format Version 12.00
# Visual Studio Version 17
VisualStudioVersion = 17.0.31912.275
MinimumVisualStudioVersion = 10.0.40219.1
Project("{2150E333-8FDC-42A3-9474-1A3956D46DE8}") = "Services", "Services", "{BD0CD4AC-43D0-413A-9F97-F7B39ED2BF3A}"
EndProject
Project("{2150E333-8FDC-42A3-9474-1A3956D46DE8}") = "Catalog", "Catalog", "{8E7DF543-2087-47C3-8D3D-B4F3E979783E}"
EndProject
Project("{9A19103F-16F7-4668-BE54-9A1E7A4F7556}") = "Catalog.API", "services\catalog\Catalog.API\Catalog.API.csproj", "{84736C3B-99C2-4468-86ED-758CA9DAE203}"
EndProject
Project("{E53339B2-1760-4266-BCC7-CA923CBCF16C}") = "docker-compose", "docker-compose.dcproj", "{4097C224-A3DB-4537-A060-F138ACC048D4}"
EndProject
Project("{2150E333-8FDC-42A3-9474-1A3956D46DE8}") = "Basket", "Basket", "{5984D345-B2E5-42C0-B9D1-BCF6771A7BD7}"
EndProject
Project("{9A19103F-16F7-4668-BE54-9A1E7A4F7556}") = "Basket.API", "services\basket\Basket.API\Basket.API.csproj", "{1809F8B0-3080-4182-8FBE-72100360B581}"
EndProject
Project("{2150E333-8FDC-42A3-9474-1A3956D46DE8}") = "Discount", "Discount", "{7E87707D-600B-4D36-972B-07F7A0B9F79F}"
EndProject
Project("{9A19103F-16F7-4668-BE54-9A1E7A4F7556}") = "Discount.API", "services\discount\Discount.API\Discount.API.csproj", "{24010BF9-DDE8-4581-B597-56FD6133B0CD}"
EndProject
Project("{9A19103F-16F7-4668-BE54-9A1E7A4F7556}") = "Discount.Grpc", "services\Discount\Discount.Grpc\Discount.Grpc.csproj", "{2992E6B2-E223-4664-9720-60FC7A2AFBEF}"
EndProject
Project("{2150E333-8FDC-42A3-9474-1A3956D46DE8}") = "Order", "Order", "{93072DE8-C4DA-4B20-87D8-B7D4FC26816D}"
EndProject
Project("{9A19103F-16F7-4668-BE54-9A1E7A4F7556}") = "Ordering.API", "services\Ordering\Ordering.API\Ordering.API.csproj", "{47D29775-EC3B-48E2-A96D-0E36CCFFFFE8}"
EndProject
Project("{9A19103F-16F7-4668-BE54-9A1E7A4F7556}") = "Ordering.Domain", "services\Ordering\Ordering.Domain\Ordering.Domain.csproj", "{2F11A171-5131-49FA-9413-5A30515BBEE2}"
EndProject
Project("{9A19103F-16F7-4668-BE54-9A1E7A4F7556}") = "Ordering.Application", "services\Ordering\Ordering.Application\Ordering.Application.csproj", "{0C355CD1-C976-48A0-BF26-B14C7C1A16D0}"
EndProject
Project("{9A19103F-16F7-4668-BE54-9A1E7A4F7556}") = "Ordering.Infrastructure", "services\Ordering\Ordering.Infrastructure\Ordering.Infrastructure.csproj", "{D30AE3B6-A671-4660-9097-40C39C4E8F48}"
EndProject
Project("{2150E333-8FDC-42A3-9474-1A3956D46DE8}") = "BuildingBlocks", "BuildingBlocks", "{C882D18A-001C-4B43-9B2C-4C5DAFAAD168}"
EndProject
Project("{9A19103F-16F7-4668-BE54-9A1E7A4F7556}") = "EventBus.Messages", "BuildingBlocks\EventBus.Messages\EventBus.Messages.csproj", "{C819ECEA-631D-41F1-89E8-A0C4D08E222B}"
EndProject
Project("{2150E333-8FDC-42A3-9474-1A3956D46DE8}") = "ApiGateways", "ApiGateways", "{E82A72A7-CB0B-4A71-9556-465545EDE1D4}"
EndProject
Project("{FAE04EC0-301F-11D3-BF4B-00C04F79EFBC}") = "OcelotApiGw", "ApiGateways\OcelotApiGw\OcelotApiGw.csproj", "{6ECC4CE4-FDCD-4E85-B484-B52D4FE573D8}"
EndProject
Global
	GlobalSection(SolutionConfigurationPlatforms) = preSolution
		Debug|Any CPU = Debug|Any CPU
		Release|Any CPU = Release|Any CPU
	EndGlobalSection
	GlobalSection(ProjectConfigurationPlatforms) = postSolution
		{84736C3B-99C2-4468-86ED-758CA9DAE203}.Debug|Any CPU.ActiveCfg = Debug|Any CPU
		{84736C3B-99C2-4468-86ED-758CA9DAE203}.Debug|Any CPU.Build.0 = Debug|Any CPU
		{84736C3B-99C2-4468-86ED-758CA9DAE203}.Release|Any CPU.ActiveCfg = Release|Any CPU
		{84736C3B-99C2-4468-86ED-758CA9DAE203}.Release|Any CPU.Build.0 = Release|Any CPU
		{4097C224-A3DB-4537-A060-F138ACC048D4}.Debug|Any CPU.ActiveCfg = Debug|Any CPU
		{4097C224-A3DB-4537-A060-F138ACC048D4}.Debug|Any CPU.Build.0 = Debug|Any CPU
		{4097C224-A3DB-4537-A060-F138ACC048D4}.Release|Any CPU.ActiveCfg = Release|Any CPU
		{4097C224-A3DB-4537-A060-F138ACC048D4}.Release|Any CPU.Build.0 = Release|Any CPU
		{1809F8B0-3080-4182-8FBE-72100360B581}.Debug|Any CPU.ActiveCfg = Debug|Any CPU
		{1809F8B0-3080-4182-8FBE-72100360B581}.Debug|Any CPU.Build.0 = Debug|Any CPU
		{1809F8B0-3080-4182-8FBE-72100360B581}.Release|Any CPU.ActiveCfg = Release|Any CPU
		{1809F8B0-3080-4182-8FBE-72100360B581}.Release|Any CPU.Build.0 = Release|Any CPU
		{24010BF9-DDE8-4581-B597-56FD6133B0CD}.Debug|Any CPU.ActiveCfg = Debug|Any CPU
		{24010BF9-DDE8-4581-B597-56FD6133B0CD}.Debug|Any CPU.Build.0 = Debug|Any CPU
		{24010BF9-DDE8-4581-B597-56FD6133B0CD}.Release|Any CPU.ActiveCfg = Release|Any CPU
		{24010BF9-DDE8-4581-B597-56FD6133B0CD}.Release|Any CPU.Build.0 = Release|Any CPU
		{2992E6B2-E223-4664-9720-60FC7A2AFBEF}.Debug|Any CPU.ActiveCfg = Debug|Any CPU
		{2992E6B2-E223-4664-9720-60FC7A2AFBEF}.Debug|Any CPU.Build.0 = Debug|Any CPU
		{2992E6B2-E223-4664-9720-60FC7A2AFBEF}.Release|Any CPU.ActiveCfg = Release|Any CPU
		{2992E6B2-E223-4664-9720-60FC7A2AFBEF}.Release|Any CPU.Build.0 = Release|Any CPU
		{47D29775-EC3B-48E2-A96D-0E36CCFFFFE8}.Debug|Any CPU.ActiveCfg = Debug|Any CPU
		{47D29775-EC3B-48E2-A96D-0E36CCFFFFE8}.Debug|Any CPU.Build.0 = Debug|Any CPU
		{47D29775-EC3B-48E2-A96D-0E36CCFFFFE8}.Release|Any CPU.ActiveCfg = Release|Any CPU
		{47D29775-EC3B-48E2-A96D-0E36CCFFFFE8}.Release|Any CPU.Build.0 = Release|Any CPU
		{2F11A171-5131-49FA-9413-5A30515BBEE2}.Debug|Any CPU.ActiveCfg = Debug|Any CPU
		{2F11A171-5131-49FA-9413-5A30515BBEE2}.Debug|Any CPU.Build.0 = Debug|Any CPU
		{2F11A171-5131-49FA-9413-5A30515BBEE2}.Release|Any CPU.ActiveCfg = Release|Any CPU
		{2F11A171-5131-49FA-9413-5A30515BBEE2}.Release|Any CPU.Build.0 = Release|Any CPU
		{0C355CD1-C976-48A0-BF26-B14C7C1A16D0}.Debug|Any CPU.ActiveCfg = Debug|Any CPU
		{0C355CD1-C976-48A0-BF26-B14C7C1A16D0}.Debug|Any CPU.Build.0 = Debug|Any CPU
		{0C355CD1-C976-48A0-BF26-B14C7C1A16D0}.Release|Any CPU.ActiveCfg = Release|Any CPU
		{0C355CD1-C976-48A0-BF26-B14C7C1A16D0}.Release|Any CPU.Build.0 = Release|Any CPU
		{D30AE3B6-A671-4660-9097-40C39C4E8F48}.Debug|Any CPU.ActiveCfg = Debug|Any CPU
		{D30AE3B6-A671-4660-9097-40C39C4E8F48}.Debug|Any CPU.Build.0 = Debug|Any CPU
		{D30AE3B6-A671-4660-9097-40C39C4E8F48}.Release|Any CPU.ActiveCfg = Release|Any CPU
		{D30AE3B6-A671-4660-9097-40C39C4E8F48}.Release|Any CPU.Build.0 = Release|Any CPU
		{C819ECEA-631D-41F1-89E8-A0C4D08E222B}.Debug|Any CPU.ActiveCfg = Debug|Any CPU
		{C819ECEA-631D-41F1-89E8-A0C4D08E222B}.Debug|Any CPU.Build.0 = Debug|Any CPU
		{C819ECEA-631D-41F1-89E8-A0C4D08E222B}.Release|Any CPU.ActiveCfg = Release|Any CPU
		{C819ECEA-631D-41F1-89E8-A0C4D08E222B}.Release|Any CPU.Build.0 = Release|Any CPU
		{6ECC4CE4-FDCD-4E85-B484-B52D4FE573D8}.Debug|Any CPU.ActiveCfg = Debug|Any CPU
		{6ECC4CE4-FDCD-4E85-B484-B52D4FE573D8}.Debug|Any CPU.Build.0 = Debug|Any CPU
		{6ECC4CE4-FDCD-4E85-B484-B52D4FE573D8}.Release|Any CPU.ActiveCfg = Release|Any CPU
		{6ECC4CE4-FDCD-4E85-B484-B52D4FE573D8}.Release|Any CPU.Build.0 = Release|Any CPU
	EndGlobalSection
	GlobalSection(SolutionProperties) = preSolution
		HideSolutionNode = FALSE
	EndGlobalSection
	GlobalSection(NestedProjects) = preSolution
		{8E7DF543-2087-47C3-8D3D-B4F3E979783E} = {BD0CD4AC-43D0-413A-9F97-F7B39ED2BF3A}
		{84736C3B-99C2-4468-86ED-758CA9DAE203} = {8E7DF543-2087-47C3-8D3D-B4F3E979783E}
		{5984D345-B2E5-42C0-B9D1-BCF6771A7BD7} = {BD0CD4AC-43D0-413A-9F97-F7B39ED2BF3A}
		{1809F8B0-3080-4182-8FBE-72100360B581} = {5984D345-B2E5-42C0-B9D1-BCF6771A7BD7}
		{7E87707D-600B-4D36-972B-07F7A0B9F79F} = {BD0CD4AC-43D0-413A-9F97-F7B39ED2BF3A}
		{24010BF9-DDE8-4581-B597-56FD6133B0CD} = {7E87707D-600B-4D36-972B-07F7A0B9F79F}
		{2992E6B2-E223-4664-9720-60FC7A2AFBEF} = {7E87707D-600B-4D36-972B-07F7A0B9F79F}
		{93072DE8-C4DA-4B20-87D8-B7D4FC26816D} = {BD0CD4AC-43D0-413A-9F97-F7B39ED2BF3A}
		{47D29775-EC3B-48E2-A96D-0E36CCFFFFE8} = {93072DE8-C4DA-4B20-87D8-B7D4FC26816D}
		{2F11A171-5131-49FA-9413-5A30515BBEE2} = {93072DE8-C4DA-4B20-87D8-B7D4FC26816D}
		{0C355CD1-C976-48A0-BF26-B14C7C1A16D0} = {93072DE8-C4DA-4B20-87D8-B7D4FC26816D}
		{D30AE3B6-A671-4660-9097-40C39C4E8F48} = {93072DE8-C4DA-4B20-87D8-B7D4FC26816D}
		{C819ECEA-631D-41F1-89E8-A0C4D08E222B} = {C882D18A-001C-4B43-9B2C-4C5DAFAAD168}
		{6ECC4CE4-FDCD-4E85-B484-B52D4FE573D8} = {E82A72A7-CB0B-4A71-9556-465545EDE1D4}
	EndGlobalSection
	GlobalSection(ExtensibilityGlobals) = postSolution
		SolutionGuid = {1F3DCF4A-F6FB-4D54-B229-B58EDA8476D0}
	EndGlobalSection
EndGlobal
